<?xml version="1.0" encoding="UTF-8"?>
<Scheme
   LastUpgradeVersion = "1410"
   version = "1.3">
   <BuildAction
      parallelizeBuildables = "YES"
      buildImplicitDependencies = "YES">
      <BuildActionEntries>
         <BuildActionEntry
            buildForTesting = "YES"
            buildForRunning = "YES"
            buildForProfiling = "YES"
            buildForArchiving = "YES"
            buildForAnalyzing = "YES">
            <BuildableReference
               BuildableIdentifier = "primary"
               BlueprintIdentifier = "4B0B68F6293A228D00F6BFCE"
               BuildableName = "CinemaTime.framework"
               BlueprintName = "CinemaTime"
               ReferencedContainer = "container:CinemaTime.xcodeproj">
            </BuildableReference>
         </BuildActionEntry>
         <BuildActionEntry
            buildForTesting = "YES"
            buildForRunning = "YES"
            buildForProfiling = "YES"
            buildForArchiving = "NO"
            buildForAnalyzing = "YES">
            <BuildableReference
               BuildableIdentifier = "primary"
               BlueprintIdentifier = "4B0B692C293E8DDC00F6BFCE"
               BuildableName = "CinemaTimeAPIEndToEndTests.xctest"
               BlueprintName = "CinemaTimeAPIEndToEndTests"
               ReferencedContainer = "container:CinemaTime.xcodeproj">
            </BuildableReference>
         </BuildActionEntry>
         <BuildActionEntry
            buildForTesting = "YES"
            buildForRunning = "YES"
            buildForProfiling = "YES"
            buildForArchiving = "NO"
            buildForAnalyzing = "YES">
            <BuildableReference
               BuildableIdentifier = "primary"
               BlueprintIdentifier = "4B0B68FE293A228E00F6BFCE"
               BuildableName = "CinemaTimeTests.xctest"
               BlueprintName = "CinemaTimeTests"
               ReferencedContainer = "container:CinemaTime.xcodeproj">
            </BuildableReference>
         </BuildActionEntry>
         <BuildActionEntry
            buildForTesting = "YES"
            buildForRunning = "YES"
            buildForProfiling = "YES"
            buildForArchiving = "NO"
            buildForAnalyzing = "YES">
            <BuildableReference
               BuildableIdentifier = "primary"
               BlueprintIdentifier = "4B6309542940BA7200C3FE91"
               BuildableName = "CinemaTimeiOSTests.xctest"
               BlueprintName = "CinemaTimeiOSTests"
               ReferencedContainer = "container:CinemaTime.xcodeproj">
            </BuildableReference>
         </BuildActionEntry>
         <BuildActionEntry
            buildForTesting = "YES"
            buildForRunning = "YES"
            buildForProfiling = "YES"
            buildForArchiving = "YES"
            buildForAnalyzing = "YES">
            <BuildableReference
               BuildableIdentifier = "primary"
               BlueprintIdentifier = "4B63094D2940BA7100C3FE91"
               BuildableName = "CinemaTimeiOS.framework"
               BlueprintName = "CinemaTimeiOS"
               ReferencedContainer = "container:CinemaTime.xcodeproj">
            </BuildableReference>
         </BuildActionEntry>
         <BuildActionEntry
            buildForTesting = "YES"
            buildForRunning = "YES"
            buildForProfiling = "YES"
            buildForArchiving = "YES"
            buildForAnalyzing = "YES">
            <BuildableReference
               BuildableIdentifier = "primary"
               BlueprintIdentifier = "4B55DA302947C5C1004A5073"
               BuildableName = "CinemaTimeApp.app"
               BlueprintName = "CinemaTimeApp"
               ReferencedContainer = "container:../CinemaTimeApp/CinemaTimeApp.xcodeproj">
            </BuildableReference>
         </BuildActionEntry>
         <BuildActionEntry
            buildForTesting = "YES"
            buildForRunning = "YES"
            buildForProfiling = "YES"
            buildForArchiving = "NO"
            buildForAnalyzing = "YES">
            <BuildableReference
               BuildableIdentifier = "primary"
               BlueprintIdentifier = "4B55DA462947C5C3004A5073"
               BuildableName = "CinemaTimeAppTests.xctest"
               BlueprintName = "CinemaTimeAppTests"
               ReferencedContainer = "container:../CinemaTimeApp/CinemaTimeApp.xcodeproj">
            </BuildableReference>
         </BuildActionEntry>
      </BuildActionEntries>
   </BuildAction>
   <TestAction
      buildConfiguration = "Debug"
      selectedDebuggerIdentifier = "Xcode.DebuggerFoundation.Debugger.LLDB"
      selectedLauncherIdentifier = "Xcode.DebuggerFoundation.Launcher.LLDB"
      shouldUseLaunchSchemeArgsEnv = "YES"
      enableThreadSanitizer = "YES"
      codeCoverageEnabled = "YES"
      onlyGenerateCoverageForSpecifiedTargets = "YES">
      <CodeCoverageTargets>
         <BuildableReference
            BuildableIdentifier = "primary"
            BlueprintIdentifier = "4B0B68F6293A228D00F6BFCE"
            BuildableName = "CinemaTime.framework"
            BlueprintName = "CinemaTime"
            ReferencedContainer = "container:CinemaTime.xcodeproj">
         </BuildableReference>
         <BuildableReference
            BuildableIdentifier = "primary"
            BlueprintIdentifier = "4B63094D2940BA7100C3FE91"
            BuildableName = "CinemaTimeiOS.framework"
            BlueprintName = "CinemaTimeiOS"
            ReferencedContainer = "container:CinemaTime.xcodeproj">
         </BuildableReference>
         <BuildableReference
            BuildableIdentifier = "primary"
            BlueprintIdentifier = "4B55DA302947C5C1004A5073"
            BuildableName = "CinemaTimeApp.app"
            BlueprintName = "CinemaTimeApp"
            ReferencedContainer = "container:../CinemaTimeApp/CinemaTimeApp.xcodeproj">
         </BuildableReference>
      </CodeCoverageTargets>
      <Testables>
         <TestableReference
            skipped = "NO"
            testExecutionOrdering = "random">
            <BuildableReference
               BuildableIdentifier = "primary"
               BlueprintIdentifier = "4B0B692C293E8DDC00F6BFCE"
               BuildableName = "CinemaTimeAPIEndToEndTests.xctest"
               BlueprintName = "CinemaTimeAPIEndToEndTests"
               ReferencedContainer = "container:CinemaTime.xcodeproj">
            </BuildableReference>
         </TestableReference>
         <TestableReference
            skipped = "NO"
            testExecutionOrdering = "random">
            <BuildableReference
               BuildableIdentifier = "primary"
               BlueprintIdentifier = "4B0B68FE293A228E00F6BFCE"
               BuildableName = "CinemaTimeTests.xctest"
               BlueprintName = "CinemaTimeTests"
               ReferencedContainer = "container:CinemaTime.xcodeproj">
            </BuildableReference>
         </TestableReference>
         <TestableReference
            skipped = "NO"
            testExecutionOrdering = "random">
            <BuildableReference
               BuildableIdentifier = "primary"
               BlueprintIdentifier = "4B6309542940BA7200C3FE91"
               BuildableName = "CinemaTimeiOSTests.xctest"
               BlueprintName = "CinemaTimeiOSTests"
               ReferencedContainer = "container:CinemaTime.xcodeproj">
            </BuildableReference>
         </TestableReference>
         <TestableReference
            skipped = "NO"
            testExecutionOrdering = "random">
            <BuildableReference
               BuildableIdentifier = "primary"
               BlueprintIdentifier = "4B55DA462947C5C3004A5073"
               BuildableName = "CinemaTimeAppTests.xctest"
               BlueprintName = "CinemaTimeAppTests"
               ReferencedContainer = "container:../CinemaTimeApp/CinemaTimeApp.xcodeproj">
            </BuildableReference>
         </TestableReference>
      </Testables>
   </TestAction>
   <LaunchAction
      buildConfiguration = "Debug"
      selectedDebuggerIdentifier = "Xcode.DebuggerFoundation.Debugger.LLDB"
      selectedLauncherIdentifier = "Xcode.DebuggerFoundation.Launcher.LLDB"
      launchStyle = "0"
      useCustomWorkingDirectory = "NO"
      ignoresPersistentStateOnLaunch = "NO"
      debugDocumentVersioning = "YES"
      debugServiceExtension = "internal"
      allowLocationSimulation = "YES">
   </LaunchAction>
   <ProfileAction
      buildConfiguration = "Release"
      shouldUseLaunchSchemeArgsEnv = "YES"
      savedToolIdentifier = ""
      useCustomWorkingDirectory = "NO"
      debugDocumentVersioning = "YES">
      <MacroExpansion>
         <BuildableReference
            BuildableIdentifier = "primary"
            BlueprintIdentifier = "4B0B68F6293A228D00F6BFCE"
            BuildableName = "CinemaTime.framework"
            BlueprintName = "CinemaTime"
            ReferencedContainer = "container:CinemaTime.xcodeproj">
         </BuildableReference>
      </MacroExpansion>
   </ProfileAction>
   <AnalyzeAction
      buildConfiguration = "Debug">
   </AnalyzeAction>
   <ArchiveAction
      buildConfiguration = "Release"
      revealArchiveInOrganizer = "YES">
   </ArchiveAction>
</Scheme>
