// !$*UTF8*$!
{
	archiveVersion = 1;
	classes = {
	};
	objectVersion = 56;
	objects = {

/* Begin PBXBuildFile section */
		4B0B6900293A228E00F6BFCE /* CinemaTime.framework in Frameworks */ = {isa = PBXBuildFile; fileRef = 4B0B68F7293A228D00F6BFCE /* CinemaTime.framework */; };
		4B0B6910293A242C00F6BFCE /* Movie.swift in Sources */ = {isa = PBXBuildFile; fileRef = 4B0B690F293A242C00F6BFCE /* Movie.swift */; };
		4B0B6912293A254300F6BFCE /* MovieLoader.swift in Sources */ = {isa = PBXBuildFile; fileRef = 4B0B6911293A254300F6BFCE /* MovieLoader.swift */; };
		4B0B6914293A2AB300F6BFCE /* RemoteMovieLoaderTests.swift in Sources */ = {isa = PBXBuildFile; fileRef = 4B0B6913293A2AB300F6BFCE /* RemoteMovieLoaderTests.swift */; };
		4B0B6916293A618F00F6BFCE /* RemoteMovieLoader.swift in Sources */ = {isa = PBXBuildFile; fileRef = 4B0B6915293A618F00F6BFCE /* RemoteMovieLoader.swift */; };
		4B0B6918293A61B500F6BFCE /* HTTPClient.swift in Sources */ = {isa = PBXBuildFile; fileRef = 4B0B6917293A61B500F6BFCE /* HTTPClient.swift */; };
		4B0B691C293A61EE00F6BFCE /* RemoteMovieMapper.swift in Sources */ = {isa = PBXBuildFile; fileRef = 4B0B691B293A61EE00F6BFCE /* RemoteMovieMapper.swift */; };
		4B0B691E293A625800F6BFCE /* XCTestCase+MemoryLeakTracking.swift in Sources */ = {isa = PBXBuildFile; fileRef = 4B0B691D293A625800F6BFCE /* XCTestCase+MemoryLeakTracking.swift */; };
		4B0B6923293DF2F000F6BFCE /* URLSessionHTTPClientTests.swift in Sources */ = {isa = PBXBuildFile; fileRef = 4B0B6922293DF2F000F6BFCE /* URLSessionHTTPClientTests.swift */; };
		4B0B6926293E364A00F6BFCE /* SharedHelpers.swift in Sources */ = {isa = PBXBuildFile; fileRef = 4B0B6925293E364A00F6BFCE /* SharedHelpers.swift */; };
		4B0B6928293E3ABF00F6BFCE /* URLSessionHTTPClient.swift in Sources */ = {isa = PBXBuildFile; fileRef = 4B0B6927293E3ABF00F6BFCE /* URLSessionHTTPClient.swift */; };
		4B0B6931293E8DDC00F6BFCE /* CinemaTime.framework in Frameworks */ = {isa = PBXBuildFile; fileRef = 4B0B68F7293A228D00F6BFCE /* CinemaTime.framework */; };
		4B0B6938293F4B5D00F6BFCE /* CinemaTimeAPIEndToEndTests.swift in Sources */ = {isa = PBXBuildFile; fileRef = 4B0B6937293F4B5D00F6BFCE /* CinemaTimeAPIEndToEndTests.swift */; };
		4B55D96E2940BF0F004A5073 /* XCTestCase+MemoryLeakTracking.swift in Sources */ = {isa = PBXBuildFile; fileRef = 4B0B691D293A625800F6BFCE /* XCTestCase+MemoryLeakTracking.swift */; };
		4B55D9702940C2F1004A5073 /* CinemaTime.framework in Frameworks */ = {isa = PBXBuildFile; fileRef = 4B0B68F7293A228D00F6BFCE /* CinemaTime.framework */; };
		4B55D9712940C2F1004A5073 /* CinemaTime.framework in Embed Frameworks */ = {isa = PBXBuildFile; fileRef = 4B0B68F7293A228D00F6BFCE /* CinemaTime.framework */; settings = {ATTRIBUTES = (CodeSignOnCopy, RemoveHeadersOnCopy, ); }; };
		4B55D97F294108FB004A5073 /* MoviesPresenter.swift in Sources */ = {isa = PBXBuildFile; fileRef = 4B55D97E294108FB004A5073 /* MoviesPresenter.swift */; };
		4B55D98229410911004A5073 /* MoviesRefreshController.swift in Sources */ = {isa = PBXBuildFile; fileRef = 4B55D98129410911004A5073 /* MoviesRefreshController.swift */; };
		4B55D98429410924004A5073 /* MovieCell.swift in Sources */ = {isa = PBXBuildFile; fileRef = 4B55D98329410924004A5073 /* MovieCell.swift */; };
		4B55D9862941092B004A5073 /* MovieCellPresenter.swift in Sources */ = {isa = PBXBuildFile; fileRef = 4B55D9852941092B004A5073 /* MovieCellPresenter.swift */; };
		4B55D98829410935004A5073 /* MovieCellController.swift in Sources */ = {isa = PBXBuildFile; fileRef = 4B55D98729410935004A5073 /* MovieCellController.swift */; };
		4B55D98A2941093D004A5073 /* MoviesViewController.swift in Sources */ = {isa = PBXBuildFile; fileRef = 4B55D9892941093D004A5073 /* MoviesViewController.swift */; };
		4B55D98D29410975004A5073 /* UITableView+Dequeueing.swift in Sources */ = {isa = PBXBuildFile; fileRef = 4B55D98C29410975004A5073 /* UITableView+Dequeueing.swift */; };
		4B55D98F29410AC2004A5073 /* MoviesLoadingView.swift in Sources */ = {isa = PBXBuildFile; fileRef = 4B55D98E29410AC2004A5073 /* MoviesLoadingView.swift */; };
		4B55D99129410ACB004A5073 /* MoviesView.swift in Sources */ = {isa = PBXBuildFile; fileRef = 4B55D99029410ACB004A5073 /* MoviesView.swift */; };
		4B55D99329410AEE004A5073 /* MovieCellView.swift in Sources */ = {isa = PBXBuildFile; fileRef = 4B55D99229410AEE004A5073 /* MovieCellView.swift */; };
		4B55D99529412CED004A5073 /* MovieImageDataLoader.swift in Sources */ = {isa = PBXBuildFile; fileRef = 4B55D99429412CED004A5073 /* MovieImageDataLoader.swift */; };
		4B55D9992941EDAC004A5073 /* MovieCellLoadingView.swift in Sources */ = {isa = PBXBuildFile; fileRef = 4B55D9982941EDAC004A5073 /* MovieCellLoadingView.swift */; };
		4B55D99B2941EDB2004A5073 /* MovieCellErrorView.swift in Sources */ = {isa = PBXBuildFile; fileRef = 4B55D99A2941EDB2004A5073 /* MovieCellErrorView.swift */; };
		4B55D99F2944D93F004A5073 /* RemoteMovieImageDataLoaderTests.swift in Sources */ = {isa = PBXBuildFile; fileRef = 4B55D99E2944D93F004A5073 /* RemoteMovieImageDataLoaderTests.swift */; };
		4B55D9A129477EE5004A5073 /* RemoteMovieImageDataLoader.swift in Sources */ = {isa = PBXBuildFile; fileRef = 4B55D9A029477EE5004A5073 /* RemoteMovieImageDataLoader.swift */; };
		4B55D9A329477F00004A5073 /* RemoteMovieImageDataMapper.swift in Sources */ = {isa = PBXBuildFile; fileRef = 4B55D9A229477F00004A5073 /* RemoteMovieImageDataMapper.swift */; };
		4B55DA6E2947CBFF004A5073 /* Secrets.swift in Sources */ = {isa = PBXBuildFile; fileRef = 4B55DA6D2947CBFF004A5073 /* Secrets.swift */; };
		4B55DA702947D27D004A5073 /* UIImageView+Animation.swift in Sources */ = {isa = PBXBuildFile; fileRef = 4B55DA6F2947D27D004A5073 /* UIImageView+Animation.swift */; };
		4B630940293F5AF300C3FE91 /* XCTestCase+MemoryLeakTracking.swift in Sources */ = {isa = PBXBuildFile; fileRef = 4B0B691D293A625800F6BFCE /* XCTestCase+MemoryLeakTracking.swift */; };
		4B630942293F691B00C3FE91 /* AuthenticatedHTTPClientDecoratorTests.swift in Sources */ = {isa = PBXBuildFile; fileRef = 4B630941293F691B00C3FE91 /* AuthenticatedHTTPClientDecoratorTests.swift */; };
		4B630944293F6B2A00C3FE91 /* HTTPClientSpy.swift in Sources */ = {isa = PBXBuildFile; fileRef = 4B630943293F6B2A00C3FE91 /* HTTPClientSpy.swift */; };
		4B630946293F7A4100C3FE91 /* AuthenticatedHTTPClientDecorator.swift in Sources */ = {isa = PBXBuildFile; fileRef = 4B630945293F7A4100C3FE91 /* AuthenticatedHTTPClientDecorator.swift */; };
		4B630948293F7A9C00C3FE91 /* HTTPClientTest+Helpers.swift in Sources */ = {isa = PBXBuildFile; fileRef = 4B630947293F7A9C00C3FE91 /* HTTPClientTest+Helpers.swift */; };
		4B6309562940BA7200C3FE91 /* CinemaTimeiOS.framework in Frameworks */ = {isa = PBXBuildFile; fileRef = 4B63094E2940BA7100C3FE91 /* CinemaTimeiOS.framework */; };
/* End PBXBuildFile section */

/* Begin PBXContainerItemProxy section */
		4B0B6901293A228E00F6BFCE /* PBXContainerItemProxy */ = {
			isa = PBXContainerItemProxy;
			containerPortal = 4B0B68EE293A228D00F6BFCE /* Project object */;
			proxyType = 1;
			remoteGlobalIDString = 4B0B68F6293A228D00F6BFCE;
			remoteInfo = CinemaTime;
		};
		4B0B6932293E8DDC00F6BFCE /* PBXContainerItemProxy */ = {
			isa = PBXContainerItemProxy;
			containerPortal = 4B0B68EE293A228D00F6BFCE /* Project object */;
			proxyType = 1;
			remoteGlobalIDString = 4B0B68F6293A228D00F6BFCE;
			remoteInfo = CinemaTime;
		};
		4B55D9722940C2F1004A5073 /* PBXContainerItemProxy */ = {
			isa = PBXContainerItemProxy;
			containerPortal = 4B0B68EE293A228D00F6BFCE /* Project object */;
			proxyType = 1;
			remoteGlobalIDString = 4B0B68F6293A228D00F6BFCE;
			remoteInfo = CinemaTime;
		};
		4B6309572940BA7200C3FE91 /* PBXContainerItemProxy */ = {
			isa = PBXContainerItemProxy;
			containerPortal = 4B0B68EE293A228D00F6BFCE /* Project object */;
			proxyType = 1;
			remoteGlobalIDString = 4B63094D2940BA7100C3FE91;
			remoteInfo = CinemaTimeiOS;
		};
/* End PBXContainerItemProxy section */

/* Begin PBXCopyFilesBuildPhase section */
		4B55D9742940C2F2004A5073 /* Embed Frameworks */ = {
			isa = PBXCopyFilesBuildPhase;
			buildActionMask = 2147483647;
			dstPath = "";
			dstSubfolderSpec = 10;
			files = (
				4B55D9712940C2F1004A5073 /* CinemaTime.framework in Embed Frameworks */,
			);
			name = "Embed Frameworks";
			runOnlyForDeploymentPostprocessing = 0;
		};
/* End PBXCopyFilesBuildPhase section */

/* Begin PBXFileReference section */
		4B0B68F7293A228D00F6BFCE /* CinemaTime.framework */ = {isa = PBXFileReference; explicitFileType = wrapper.framework; includeInIndex = 0; path = CinemaTime.framework; sourceTree = BUILT_PRODUCTS_DIR; };
		4B0B68FF293A228E00F6BFCE /* CinemaTimeTests.xctest */ = {isa = PBXFileReference; explicitFileType = wrapper.cfbundle; includeInIndex = 0; path = CinemaTimeTests.xctest; sourceTree = BUILT_PRODUCTS_DIR; };
		4B0B690F293A242C00F6BFCE /* Movie.swift */ = {isa = PBXFileReference; lastKnownFileType = sourcecode.swift; path = Movie.swift; sourceTree = "<group>"; };
		4B0B6911293A254300F6BFCE /* MovieLoader.swift */ = {isa = PBXFileReference; lastKnownFileType = sourcecode.swift; path = MovieLoader.swift; sourceTree = "<group>"; };
		4B0B6913293A2AB300F6BFCE /* RemoteMovieLoaderTests.swift */ = {isa = PBXFileReference; lastKnownFileType = sourcecode.swift; path = RemoteMovieLoaderTests.swift; sourceTree = "<group>"; };
		4B0B6915293A618F00F6BFCE /* RemoteMovieLoader.swift */ = {isa = PBXFileReference; lastKnownFileType = sourcecode.swift; path = RemoteMovieLoader.swift; sourceTree = "<group>"; };
		4B0B6917293A61B500F6BFCE /* HTTPClient.swift */ = {isa = PBXFileReference; lastKnownFileType = sourcecode.swift; path = HTTPClient.swift; sourceTree = "<group>"; };
		4B0B691B293A61EE00F6BFCE /* RemoteMovieMapper.swift */ = {isa = PBXFileReference; lastKnownFileType = sourcecode.swift; path = RemoteMovieMapper.swift; sourceTree = "<group>"; };
		4B0B691D293A625800F6BFCE /* XCTestCase+MemoryLeakTracking.swift */ = {isa = PBXFileReference; lastKnownFileType = sourcecode.swift; path = "XCTestCase+MemoryLeakTracking.swift"; sourceTree = "<group>"; };
		4B0B6922293DF2F000F6BFCE /* URLSessionHTTPClientTests.swift */ = {isa = PBXFileReference; lastKnownFileType = sourcecode.swift; path = URLSessionHTTPClientTests.swift; sourceTree = "<group>"; };
		4B0B6925293E364A00F6BFCE /* SharedHelpers.swift */ = {isa = PBXFileReference; lastKnownFileType = sourcecode.swift; path = SharedHelpers.swift; sourceTree = "<group>"; };
		4B0B6927293E3ABF00F6BFCE /* URLSessionHTTPClient.swift */ = {isa = PBXFileReference; lastKnownFileType = sourcecode.swift; path = URLSessionHTTPClient.swift; sourceTree = "<group>"; };
		4B0B692D293E8DDC00F6BFCE /* CinemaTimeAPIEndToEndTests.xctest */ = {isa = PBXFileReference; explicitFileType = wrapper.cfbundle; includeInIndex = 0; path = CinemaTimeAPIEndToEndTests.xctest; sourceTree = BUILT_PRODUCTS_DIR; };
		4B0B6937293F4B5D00F6BFCE /* CinemaTimeAPIEndToEndTests.swift */ = {isa = PBXFileReference; lastKnownFileType = sourcecode.swift; path = CinemaTimeAPIEndToEndTests.swift; sourceTree = "<group>"; };
		4B55D97E294108FB004A5073 /* MoviesPresenter.swift */ = {isa = PBXFileReference; lastKnownFileType = sourcecode.swift; path = MoviesPresenter.swift; sourceTree = "<group>"; };
		4B55D98129410911004A5073 /* MoviesRefreshController.swift */ = {isa = PBXFileReference; lastKnownFileType = sourcecode.swift; path = MoviesRefreshController.swift; sourceTree = "<group>"; };
		4B55D98329410924004A5073 /* MovieCell.swift */ = {isa = PBXFileReference; lastKnownFileType = sourcecode.swift; path = MovieCell.swift; sourceTree = "<group>"; };
		4B55D9852941092B004A5073 /* MovieCellPresenter.swift */ = {isa = PBXFileReference; lastKnownFileType = sourcecode.swift; path = MovieCellPresenter.swift; sourceTree = "<group>"; };
		4B55D98729410935004A5073 /* MovieCellController.swift */ = {isa = PBXFileReference; lastKnownFileType = sourcecode.swift; path = MovieCellController.swift; sourceTree = "<group>"; };
		4B55D9892941093D004A5073 /* MoviesViewController.swift */ = {isa = PBXFileReference; lastKnownFileType = sourcecode.swift; path = MoviesViewController.swift; sourceTree = "<group>"; };
		4B55D98C29410975004A5073 /* UITableView+Dequeueing.swift */ = {isa = PBXFileReference; lastKnownFileType = sourcecode.swift; path = "UITableView+Dequeueing.swift"; sourceTree = "<group>"; };
		4B55D98E29410AC2004A5073 /* MoviesLoadingView.swift */ = {isa = PBXFileReference; lastKnownFileType = sourcecode.swift; path = MoviesLoadingView.swift; sourceTree = "<group>"; };
		4B55D99029410ACB004A5073 /* MoviesView.swift */ = {isa = PBXFileReference; lastKnownFileType = sourcecode.swift; path = MoviesView.swift; sourceTree = "<group>"; };
		4B55D99229410AEE004A5073 /* MovieCellView.swift */ = {isa = PBXFileReference; lastKnownFileType = sourcecode.swift; path = MovieCellView.swift; sourceTree = "<group>"; };
		4B55D99429412CED004A5073 /* MovieImageDataLoader.swift */ = {isa = PBXFileReference; lastKnownFileType = sourcecode.swift; path = MovieImageDataLoader.swift; sourceTree = "<group>"; };
		4B55D9982941EDAC004A5073 /* MovieCellLoadingView.swift */ = {isa = PBXFileReference; lastKnownFileType = sourcecode.swift; path = MovieCellLoadingView.swift; sourceTree = "<group>"; };
		4B55D99A2941EDB2004A5073 /* MovieCellErrorView.swift */ = {isa = PBXFileReference; lastKnownFileType = sourcecode.swift; path = MovieCellErrorView.swift; sourceTree = "<group>"; };
		4B55D99E2944D93F004A5073 /* RemoteMovieImageDataLoaderTests.swift */ = {isa = PBXFileReference; lastKnownFileType = sourcecode.swift; path = RemoteMovieImageDataLoaderTests.swift; sourceTree = "<group>"; };
		4B55D9A029477EE5004A5073 /* RemoteMovieImageDataLoader.swift */ = {isa = PBXFileReference; lastKnownFileType = sourcecode.swift; path = RemoteMovieImageDataLoader.swift; sourceTree = "<group>"; };
		4B55D9A229477F00004A5073 /* RemoteMovieImageDataMapper.swift */ = {isa = PBXFileReference; lastKnownFileType = sourcecode.swift; path = RemoteMovieImageDataMapper.swift; sourceTree = "<group>"; };
		4B55DA6D2947CBFF004A5073 /* Secrets.swift */ = {isa = PBXFileReference; fileEncoding = 4; lastKnownFileType = sourcecode.swift; name = Secrets.swift; path = Secrets/Secrets.swift; sourceTree = SOURCE_ROOT; };
		4B55DA6F2947D27D004A5073 /* UIImageView+Animation.swift */ = {isa = PBXFileReference; lastKnownFileType = sourcecode.swift; path = "UIImageView+Animation.swift"; sourceTree = "<group>"; };
		4B630941293F691B00C3FE91 /* AuthenticatedHTTPClientDecoratorTests.swift */ = {isa = PBXFileReference; lastKnownFileType = sourcecode.swift; path = AuthenticatedHTTPClientDecoratorTests.swift; sourceTree = "<group>"; };
		4B630943293F6B2A00C3FE91 /* HTTPClientSpy.swift */ = {isa = PBXFileReference; lastKnownFileType = sourcecode.swift; path = HTTPClientSpy.swift; sourceTree = "<group>"; };
		4B630945293F7A4100C3FE91 /* AuthenticatedHTTPClientDecorator.swift */ = {isa = PBXFileReference; lastKnownFileType = sourcecode.swift; path = AuthenticatedHTTPClientDecorator.swift; sourceTree = "<group>"; };
		4B630947293F7A9C00C3FE91 /* HTTPClientTest+Helpers.swift */ = {isa = PBXFileReference; lastKnownFileType = sourcecode.swift; path = "HTTPClientTest+Helpers.swift"; sourceTree = "<group>"; };
		4B63094E2940BA7100C3FE91 /* CinemaTimeiOS.framework */ = {isa = PBXFileReference; explicitFileType = wrapper.framework; includeInIndex = 0; path = CinemaTimeiOS.framework; sourceTree = BUILT_PRODUCTS_DIR; };
		4B6309552940BA7200C3FE91 /* CinemaTimeiOSTests.xctest */ = {isa = PBXFileReference; explicitFileType = wrapper.cfbundle; includeInIndex = 0; path = CinemaTimeiOSTests.xctest; sourceTree = BUILT_PRODUCTS_DIR; };
/* End PBXFileReference section */

/* Begin PBXFrameworksBuildPhase section */
		4B0B68F4293A228D00F6BFCE /* Frameworks */ = {
			isa = PBXFrameworksBuildPhase;
			buildActionMask = 2147483647;
			files = (
			);
			runOnlyForDeploymentPostprocessing = 0;
		};
		4B0B68FC293A228E00F6BFCE /* Frameworks */ = {
			isa = PBXFrameworksBuildPhase;
			buildActionMask = 2147483647;
			files = (
				4B0B6900293A228E00F6BFCE /* CinemaTime.framework in Frameworks */,
			);
			runOnlyForDeploymentPostprocessing = 0;
		};
		4B0B692A293E8DDC00F6BFCE /* Frameworks */ = {
			isa = PBXFrameworksBuildPhase;
			buildActionMask = 2147483647;
			files = (
				4B0B6931293E8DDC00F6BFCE /* CinemaTime.framework in Frameworks */,
			);
			runOnlyForDeploymentPostprocessing = 0;
		};
		4B63094B2940BA7100C3FE91 /* Frameworks */ = {
			isa = PBXFrameworksBuildPhase;
			buildActionMask = 2147483647;
			files = (
				4B55D9702940C2F1004A5073 /* CinemaTime.framework in Frameworks */,
			);
			runOnlyForDeploymentPostprocessing = 0;
		};
		4B6309522940BA7200C3FE91 /* Frameworks */ = {
			isa = PBXFrameworksBuildPhase;
			buildActionMask = 2147483647;
			files = (
				4B6309562940BA7200C3FE91 /* CinemaTimeiOS.framework in Frameworks */,
			);
			runOnlyForDeploymentPostprocessing = 0;
		};
/* End PBXFrameworksBuildPhase section */

/* Begin PBXGroup section */
		4B0B68ED293A228D00F6BFCE = {
			isa = PBXGroup;
			children = (
				4B0B68F9293A228D00F6BFCE /* CinemaTime */,
				4B0B6903293A228E00F6BFCE /* CinemaTimeTests */,
				4B0B692E293E8DDC00F6BFCE /* CinemaTimeAPIEndToEndTests */,
				4B63094F2940BA7100C3FE91 /* CinemaTimeiOS */,
				4B6309592940BA7200C3FE91 /* CinemaTimeiOSTests */,
				4B0B68F8293A228D00F6BFCE /* Products */,
				4B55D96F2940C2F1004A5073 /* Frameworks */,
			);
			sourceTree = "<group>";
		};
		4B0B68F8293A228D00F6BFCE /* Products */ = {
			isa = PBXGroup;
			children = (
				4B0B68F7293A228D00F6BFCE /* CinemaTime.framework */,
				4B0B68FF293A228E00F6BFCE /* CinemaTimeTests.xctest */,
				4B0B692D293E8DDC00F6BFCE /* CinemaTimeAPIEndToEndTests.xctest */,
				4B63094E2940BA7100C3FE91 /* CinemaTimeiOS.framework */,
				4B6309552940BA7200C3FE91 /* CinemaTimeiOSTests.xctest */,
			);
			name = Products;
			sourceTree = "<group>";
		};
		4B0B68F9293A228D00F6BFCE /* CinemaTime */ = {
			isa = PBXGroup;
			children = (
				4B0B6939293F544400F6BFCE /* Secrets */,
				4B0B691F293A628100F6BFCE /* Movie */,
			);
			path = CinemaTime;
			sourceTree = "<group>";
		};
		4B0B6903293A228E00F6BFCE /* CinemaTimeTests */ = {
			isa = PBXGroup;
			children = (
				4B630941293F691B00C3FE91 /* AuthenticatedHTTPClientDecoratorTests.swift */,
				4B55D99E2944D93F004A5073 /* RemoteMovieImageDataLoaderTests.swift */,
				4B0B6913293A2AB300F6BFCE /* RemoteMovieLoaderTests.swift */,
				4B0B6922293DF2F000F6BFCE /* URLSessionHTTPClientTests.swift */,
				4B0B6924293E364100F6BFCE /* Helpers */,
			);
			path = CinemaTimeTests;
			sourceTree = "<group>";
		};
		4B0B691F293A628100F6BFCE /* Movie */ = {
			isa = PBXGroup;
			children = (
				4B0B6920293A629700F6BFCE /* API */,
				4B0B6921293A62AA00F6BFCE /* Domain */,
			);
			path = Movie;
			sourceTree = "<group>";
		};
		4B0B6920293A629700F6BFCE /* API */ = {
			isa = PBXGroup;
			children = (
				4B630945293F7A4100C3FE91 /* AuthenticatedHTTPClientDecorator.swift */,
				4B0B6917293A61B500F6BFCE /* HTTPClient.swift */,
				4B0B6915293A618F00F6BFCE /* RemoteMovieLoader.swift */,
				4B0B691B293A61EE00F6BFCE /* RemoteMovieMapper.swift */,
				4B0B6927293E3ABF00F6BFCE /* URLSessionHTTPClient.swift */,
				4B55D9A029477EE5004A5073 /* RemoteMovieImageDataLoader.swift */,
				4B55D9A229477F00004A5073 /* RemoteMovieImageDataMapper.swift */,
			);
			path = API;
			sourceTree = "<group>";
		};
		4B0B6921293A62AA00F6BFCE /* Domain */ = {
			isa = PBXGroup;
			children = (
				4B0B690F293A242C00F6BFCE /* Movie.swift */,
				4B0B6911293A254300F6BFCE /* MovieLoader.swift */,
				4B55D99429412CED004A5073 /* MovieImageDataLoader.swift */,
			);
			path = Domain;
			sourceTree = "<group>";
		};
		4B0B6924293E364100F6BFCE /* Helpers */ = {
			isa = PBXGroup;
			children = (
				4B630943293F6B2A00C3FE91 /* HTTPClientSpy.swift */,
				4B630947293F7A9C00C3FE91 /* HTTPClientTest+Helpers.swift */,
				4B0B6925293E364A00F6BFCE /* SharedHelpers.swift */,
				4B0B691D293A625800F6BFCE /* XCTestCase+MemoryLeakTracking.swift */,
			);
			path = Helpers;
			sourceTree = "<group>";
		};
		4B0B692E293E8DDC00F6BFCE /* CinemaTimeAPIEndToEndTests */ = {
			isa = PBXGroup;
			children = (
				4B0B6937293F4B5D00F6BFCE /* CinemaTimeAPIEndToEndTests.swift */,
			);
			path = CinemaTimeAPIEndToEndTests;
			sourceTree = "<group>";
		};
		4B0B6939293F544400F6BFCE /* Secrets */ = {
			isa = PBXGroup;
			children = (
				4B55DA6D2947CBFF004A5073 /* Secrets.swift */,
			);
			path = Secrets;
			sourceTree = "<group>";
		};
		4B55D96F2940C2F1004A5073 /* Frameworks */ = {
			isa = PBXGroup;
			children = (
			);
			name = Frameworks;
			sourceTree = "<group>";
		};
		4B55D975294108C3004A5073 /* MoviesUI */ = {
			isa = PBXGroup;
			children = (
				4BC4EB0829488D0E0014BE6E /* Controllers */,
				4B55D97D294108EE004A5073 /* Presentation */,
				4B55D98029410905004A5073 /* Views */,
			);
			path = MoviesUI;
			sourceTree = "<group>";
		};
		4B55D97D294108EE004A5073 /* Presentation */ = {
			isa = PBXGroup;
			children = (
				4B55D99A2941EDB2004A5073 /* MovieCellErrorView.swift */,
				4B55D9982941EDAC004A5073 /* MovieCellLoadingView.swift */,
				4B55D9852941092B004A5073 /* MovieCellPresenter.swift */,
				4B55D99229410AEE004A5073 /* MovieCellView.swift */,
				4B55D98E29410AC2004A5073 /* MoviesLoadingView.swift */,
				4B55D97E294108FB004A5073 /* MoviesPresenter.swift */,
				4B55D99029410ACB004A5073 /* MoviesView.swift */,
			);
			path = Presentation;
			sourceTree = "<group>";
		};
		4B55D98029410905004A5073 /* Views */ = {
			isa = PBXGroup;
			children = (
				4B55D98329410924004A5073 /* MovieCell.swift */,
				4B55D98C29410975004A5073 /* UITableView+Dequeueing.swift */,
				4B55DA6F2947D27D004A5073 /* UIImageView+Animation.swift */,
			);
			path = Views;
			sourceTree = "<group>";
		};
		4B63094F2940BA7100C3FE91 /* CinemaTimeiOS */ = {
			isa = PBXGroup;
			children = (
				4B55D975294108C3004A5073 /* MoviesUI */,
			);
			path = CinemaTimeiOS;
			sourceTree = "<group>";
		};
		4B6309592940BA7200C3FE91 /* CinemaTimeiOSTests */ = {
			isa = PBXGroup;
			children = (
			);
			path = CinemaTimeiOSTests;
			sourceTree = "<group>";
		};
		4BC4EB0829488D0E0014BE6E /* Controllers */ = {
			isa = PBXGroup;
			children = (
				4B55D98729410935004A5073 /* MovieCellController.swift */,
				4B55D98129410911004A5073 /* MoviesRefreshController.swift */,
				4B55D9892941093D004A5073 /* MoviesViewController.swift */,
			);
			path = Controllers;
			sourceTree = "<group>";
		};
/* End PBXGroup section */

/* Begin PBXHeadersBuildPhase section */
		4B0B68F2293A228D00F6BFCE /* Headers */ = {
			isa = PBXHeadersBuildPhase;
			buildActionMask = 2147483647;
			files = (
			);
			runOnlyForDeploymentPostprocessing = 0;
		};
		4B6309492940BA7100C3FE91 /* Headers */ = {
			isa = PBXHeadersBuildPhase;
			buildActionMask = 2147483647;
			files = (
			);
			runOnlyForDeploymentPostprocessing = 0;
		};
/* End PBXHeadersBuildPhase section */

/* Begin PBXNativeTarget section */
		4B0B68F6293A228D00F6BFCE /* CinemaTime */ = {
			isa = PBXNativeTarget;
			buildConfigurationList = 4B0B6909293A228E00F6BFCE /* Build configuration list for PBXNativeTarget "CinemaTime" */;
			buildPhases = (
				4B0B68F2293A228D00F6BFCE /* Headers */,
				4B0B68F3293A228D00F6BFCE /* Sources */,
				4B0B68F4293A228D00F6BFCE /* Frameworks */,
				4B0B68F5293A228D00F6BFCE /* Resources */,
			);
			buildRules = (
			);
			dependencies = (
			);
			name = CinemaTime;
			productName = CinemaTime;
			productReference = 4B0B68F7293A228D00F6BFCE /* CinemaTime.framework */;
			productType = "com.apple.product-type.framework";
		};
		4B0B68FE293A228E00F6BFCE /* CinemaTimeTests */ = {
			isa = PBXNativeTarget;
			buildConfigurationList = 4B0B690C293A228E00F6BFCE /* Build configuration list for PBXNativeTarget "CinemaTimeTests" */;
			buildPhases = (
				4B0B68FB293A228E00F6BFCE /* Sources */,
				4B0B68FC293A228E00F6BFCE /* Frameworks */,
				4B0B68FD293A228E00F6BFCE /* Resources */,
			);
			buildRules = (
			);
			dependencies = (
				4B0B6902293A228E00F6BFCE /* PBXTargetDependency */,
			);
			name = CinemaTimeTests;
			productName = CinemaTimeTests;
			productReference = 4B0B68FF293A228E00F6BFCE /* CinemaTimeTests.xctest */;
			productType = "com.apple.product-type.bundle.unit-test";
		};
		4B0B692C293E8DDC00F6BFCE /* CinemaTimeAPIEndToEndTests */ = {
			isa = PBXNativeTarget;
			buildConfigurationList = 4B0B6934293E8DDC00F6BFCE /* Build configuration list for PBXNativeTarget "CinemaTimeAPIEndToEndTests" */;
			buildPhases = (
				4B0B6929293E8DDC00F6BFCE /* Sources */,
				4B0B692A293E8DDC00F6BFCE /* Frameworks */,
				4B0B692B293E8DDC00F6BFCE /* Resources */,
			);
			buildRules = (
			);
			dependencies = (
				4B0B6933293E8DDC00F6BFCE /* PBXTargetDependency */,
			);
			name = CinemaTimeAPIEndToEndTests;
			productName = CinemaTimeAPIEndToEndTests;
			productReference = 4B0B692D293E8DDC00F6BFCE /* CinemaTimeAPIEndToEndTests.xctest */;
			productType = "com.apple.product-type.bundle.unit-test";
		};
		4B63094D2940BA7100C3FE91 /* CinemaTimeiOS */ = {
			isa = PBXNativeTarget;
			buildConfigurationList = 4B6309612940BA7200C3FE91 /* Build configuration list for PBXNativeTarget "CinemaTimeiOS" */;
			buildPhases = (
				4B6309492940BA7100C3FE91 /* Headers */,
				4B63094A2940BA7100C3FE91 /* Sources */,
				4B63094B2940BA7100C3FE91 /* Frameworks */,
				4B63094C2940BA7100C3FE91 /* Resources */,
				4B55D9742940C2F2004A5073 /* Embed Frameworks */,
			);
			buildRules = (
			);
			dependencies = (
				4B55D9732940C2F1004A5073 /* PBXTargetDependency */,
			);
			name = CinemaTimeiOS;
			productName = CinemaTimeiOS;
			productReference = 4B63094E2940BA7100C3FE91 /* CinemaTimeiOS.framework */;
			productType = "com.apple.product-type.framework";
		};
		4B6309542940BA7200C3FE91 /* CinemaTimeiOSTests */ = {
			isa = PBXNativeTarget;
			buildConfigurationList = 4B6309622940BA7200C3FE91 /* Build configuration list for PBXNativeTarget "CinemaTimeiOSTests" */;
			buildPhases = (
				4B6309512940BA7200C3FE91 /* Sources */,
				4B6309522940BA7200C3FE91 /* Frameworks */,
				4B6309532940BA7200C3FE91 /* Resources */,
			);
			buildRules = (
			);
			dependencies = (
				4B6309582940BA7200C3FE91 /* PBXTargetDependency */,
			);
			name = CinemaTimeiOSTests;
			productName = CinemaTimeiOSTests;
			productReference = 4B6309552940BA7200C3FE91 /* CinemaTimeiOSTests.xctest */;
			productType = "com.apple.product-type.bundle.unit-test";
		};
/* End PBXNativeTarget section */

/* Begin PBXProject section */
		4B0B68EE293A228D00F6BFCE /* Project object */ = {
			isa = PBXProject;
			attributes = {
				BuildIndependentTargetsInParallel = 1;
				LastSwiftUpdateCheck = 1410;
				LastUpgradeCheck = 1410;
				TargetAttributes = {
					4B0B68F6293A228D00F6BFCE = {
						CreatedOnToolsVersion = 14.1;
						LastSwiftMigration = 1410;
					};
					4B0B68FE293A228E00F6BFCE = {
						CreatedOnToolsVersion = 14.1;
						LastSwiftMigration = 1410;
					};
					4B0B692C293E8DDC00F6BFCE = {
						CreatedOnToolsVersion = 14.1;
						LastSwiftMigration = 1410;
					};
					4B63094D2940BA7100C3FE91 = {
						CreatedOnToolsVersion = 14.1;
						LastSwiftMigration = 1410;
					};
					4B6309542940BA7200C3FE91 = {
						CreatedOnToolsVersion = 14.1;
						LastSwiftMigration = 1410;
					};
				};
			};
			buildConfigurationList = 4B0B68F1293A228D00F6BFCE /* Build configuration list for PBXProject "CinemaTime" */;
			compatibilityVersion = "Xcode 14.0";
			developmentRegion = en;
			hasScannedForEncodings = 0;
			knownRegions = (
				en,
				Base,
			);
			mainGroup = 4B0B68ED293A228D00F6BFCE;
			productRefGroup = 4B0B68F8293A228D00F6BFCE /* Products */;
			projectDirPath = "";
			projectRoot = "";
			targets = (
				4B0B68F6293A228D00F6BFCE /* CinemaTime */,
				4B0B68FE293A228E00F6BFCE /* CinemaTimeTests */,
				4B0B692C293E8DDC00F6BFCE /* CinemaTimeAPIEndToEndTests */,
				4B63094D2940BA7100C3FE91 /* CinemaTimeiOS */,
				4B6309542940BA7200C3FE91 /* CinemaTimeiOSTests */,
			);
		};
/* End PBXProject section */

/* Begin PBXResourcesBuildPhase section */
		4B0B68F5293A228D00F6BFCE /* Resources */ = {
			isa = PBXResourcesBuildPhase;
			buildActionMask = 2147483647;
			files = (
			);
			runOnlyForDeploymentPostprocessing = 0;
		};
		4B0B68FD293A228E00F6BFCE /* Resources */ = {
			isa = PBXResourcesBuildPhase;
			buildActionMask = 2147483647;
			files = (
			);
			runOnlyForDeploymentPostprocessing = 0;
		};
		4B0B692B293E8DDC00F6BFCE /* Resources */ = {
			isa = PBXResourcesBuildPhase;
			buildActionMask = 2147483647;
			files = (
			);
			runOnlyForDeploymentPostprocessing = 0;
		};
		4B63094C2940BA7100C3FE91 /* Resources */ = {
			isa = PBXResourcesBuildPhase;
			buildActionMask = 2147483647;
			files = (
			);
			runOnlyForDeploymentPostprocessing = 0;
		};
		4B6309532940BA7200C3FE91 /* Resources */ = {
			isa = PBXResourcesBuildPhase;
			buildActionMask = 2147483647;
			files = (
			);
			runOnlyForDeploymentPostprocessing = 0;
		};
/* End PBXResourcesBuildPhase section */

/* Begin PBXSourcesBuildPhase section */
		4B0B68F3293A228D00F6BFCE /* Sources */ = {
			isa = PBXSourcesBuildPhase;
			buildActionMask = 2147483647;
			files = (
				4B55DA6E2947CBFF004A5073 /* Secrets.swift in Sources */,
				4B0B6916293A618F00F6BFCE /* RemoteMovieLoader.swift in Sources */,
				4B0B6910293A242C00F6BFCE /* Movie.swift in Sources */,
				4B0B6918293A61B500F6BFCE /* HTTPClient.swift in Sources */,
				4B0B6912293A254300F6BFCE /* MovieLoader.swift in Sources */,
				4B55D9A329477F00004A5073 /* RemoteMovieImageDataMapper.swift in Sources */,
				4B55D99529412CED004A5073 /* MovieImageDataLoader.swift in Sources */,
				4B55D9A129477EE5004A5073 /* RemoteMovieImageDataLoader.swift in Sources */,
				4B0B691C293A61EE00F6BFCE /* RemoteMovieMapper.swift in Sources */,
				4B630946293F7A4100C3FE91 /* AuthenticatedHTTPClientDecorator.swift in Sources */,
				4B0B6928293E3ABF00F6BFCE /* URLSessionHTTPClient.swift in Sources */,
			);
			runOnlyForDeploymentPostprocessing = 0;
		};
		4B0B68FB293A228E00F6BFCE /* Sources */ = {
			isa = PBXSourcesBuildPhase;
			buildActionMask = 2147483647;
			files = (
				4B0B6926293E364A00F6BFCE /* SharedHelpers.swift in Sources */,
				4B630948293F7A9C00C3FE91 /* HTTPClientTest+Helpers.swift in Sources */,
				4B630944293F6B2A00C3FE91 /* HTTPClientSpy.swift in Sources */,
				4B0B6914293A2AB300F6BFCE /* RemoteMovieLoaderTests.swift in Sources */,
				4B55D99F2944D93F004A5073 /* RemoteMovieImageDataLoaderTests.swift in Sources */,
				4B0B6923293DF2F000F6BFCE /* URLSessionHTTPClientTests.swift in Sources */,
				4B630942293F691B00C3FE91 /* AuthenticatedHTTPClientDecoratorTests.swift in Sources */,
				4B0B691E293A625800F6BFCE /* XCTestCase+MemoryLeakTracking.swift in Sources */,
			);
			runOnlyForDeploymentPostprocessing = 0;
		};
		4B0B6929293E8DDC00F6BFCE /* Sources */ = {
			isa = PBXSourcesBuildPhase;
			buildActionMask = 2147483647;
			files = (
				4B0B6938293F4B5D00F6BFCE /* CinemaTimeAPIEndToEndTests.swift in Sources */,
				4B630940293F5AF300C3FE91 /* XCTestCase+MemoryLeakTracking.swift in Sources */,
			);
			runOnlyForDeploymentPostprocessing = 0;
		};
		4B63094A2940BA7100C3FE91 /* Sources */ = {
			isa = PBXSourcesBuildPhase;
			buildActionMask = 2147483647;
			files = (
				4B55D98F29410AC2004A5073 /* MoviesLoadingView.swift in Sources */,
				4B55D99129410ACB004A5073 /* MoviesView.swift in Sources */,
				4B55D98829410935004A5073 /* MovieCellController.swift in Sources */,
				4B55D98229410911004A5073 /* MoviesRefreshController.swift in Sources */,
				4B55DA702947D27D004A5073 /* UIImageView+Animation.swift in Sources */,
				4B55D99329410AEE004A5073 /* MovieCellView.swift in Sources */,
				4B55D98D29410975004A5073 /* UITableView+Dequeueing.swift in Sources */,
				4B55D99B2941EDB2004A5073 /* MovieCellErrorView.swift in Sources */,
				4B55D98429410924004A5073 /* MovieCell.swift in Sources */,
				4B55D9992941EDAC004A5073 /* MovieCellLoadingView.swift in Sources */,
				4B55D9862941092B004A5073 /* MovieCellPresenter.swift in Sources */,
				4B55D97F294108FB004A5073 /* MoviesPresenter.swift in Sources */,
				4B55D98A2941093D004A5073 /* MoviesViewController.swift in Sources */,
			);
			runOnlyForDeploymentPostprocessing = 0;
		};
		4B6309512940BA7200C3FE91 /* Sources */ = {
			isa = PBXSourcesBuildPhase;
			buildActionMask = 2147483647;
			files = (
				4B55D96E2940BF0F004A5073 /* XCTestCase+MemoryLeakTracking.swift in Sources */,
			);
			runOnlyForDeploymentPostprocessing = 0;
		};
/* End PBXSourcesBuildPhase section */

/* Begin PBXTargetDependency section */
		4B0B6902293A228E00F6BFCE /* PBXTargetDependency */ = {
			isa = PBXTargetDependency;
			target = 4B0B68F6293A228D00F6BFCE /* CinemaTime */;
			targetProxy = 4B0B6901293A228E00F6BFCE /* PBXContainerItemProxy */;
		};
		4B0B6933293E8DDC00F6BFCE /* PBXTargetDependency */ = {
			isa = PBXTargetDependency;
			target = 4B0B68F6293A228D00F6BFCE /* CinemaTime */;
			targetProxy = 4B0B6932293E8DDC00F6BFCE /* PBXContainerItemProxy */;
		};
		4B55D9732940C2F1004A5073 /* PBXTargetDependency */ = {
			isa = PBXTargetDependency;
			target = 4B0B68F6293A228D00F6BFCE /* CinemaTime */;
			targetProxy = 4B55D9722940C2F1004A5073 /* PBXContainerItemProxy */;
		};
		4B6309582940BA7200C3FE91 /* PBXTargetDependency */ = {
			isa = PBXTargetDependency;
			target = 4B63094D2940BA7100C3FE91 /* CinemaTimeiOS */;
			targetProxy = 4B6309572940BA7200C3FE91 /* PBXContainerItemProxy */;
		};
/* End PBXTargetDependency section */

/* Begin XCBuildConfiguration section */
		4B0B6907293A228E00F6BFCE /* Debug */ = {
			isa = XCBuildConfiguration;
			buildSettings = {
				ALWAYS_SEARCH_USER_PATHS = NO;
				CLANG_ANALYZER_NONNULL = YES;
				CLANG_ANALYZER_NUMBER_OBJECT_CONVERSION = YES_AGGRESSIVE;
				CLANG_CXX_LANGUAGE_STANDARD = "gnu++20";
				CLANG_ENABLE_MODULES = YES;
				CLANG_ENABLE_OBJC_ARC = YES;
				CLANG_ENABLE_OBJC_WEAK = YES;
				CLANG_WARN_BLOCK_CAPTURE_AUTORELEASING = YES;
				CLANG_WARN_BOOL_CONVERSION = YES;
				CLANG_WARN_COMMA = YES;
				CLANG_WARN_CONSTANT_CONVERSION = YES;
				CLANG_WARN_DEPRECATED_OBJC_IMPLEMENTATIONS = YES;
				CLANG_WARN_DIRECT_OBJC_ISA_USAGE = YES_ERROR;
				CLANG_WARN_DOCUMENTATION_COMMENTS = YES;
				CLANG_WARN_EMPTY_BODY = YES;
				CLANG_WARN_ENUM_CONVERSION = YES;
				CLANG_WARN_INFINITE_RECURSION = YES;
				CLANG_WARN_INT_CONVERSION = YES;
				CLANG_WARN_NON_LITERAL_NULL_CONVERSION = YES;
				CLANG_WARN_OBJC_IMPLICIT_RETAIN_SELF = YES;
				CLANG_WARN_OBJC_LITERAL_CONVERSION = YES;
				CLANG_WARN_OBJC_ROOT_CLASS = YES_ERROR;
				CLANG_WARN_QUOTED_INCLUDE_IN_FRAMEWORK_HEADER = YES;
				CLANG_WARN_RANGE_LOOP_ANALYSIS = YES;
				CLANG_WARN_STRICT_PROTOTYPES = YES;
				CLANG_WARN_SUSPICIOUS_MOVE = YES;
				CLANG_WARN_UNGUARDED_AVAILABILITY = YES_AGGRESSIVE;
				CLANG_WARN_UNREACHABLE_CODE = YES;
				CLANG_WARN__DUPLICATE_METHOD_MATCH = YES;
				COPY_PHASE_STRIP = NO;
				CURRENT_PROJECT_VERSION = 1;
				DEBUG_INFORMATION_FORMAT = dwarf;
				ENABLE_STRICT_OBJC_MSGSEND = YES;
				ENABLE_TESTABILITY = YES;
				GCC_C_LANGUAGE_STANDARD = gnu11;
				GCC_DYNAMIC_NO_PIC = NO;
				GCC_NO_COMMON_BLOCKS = YES;
				GCC_OPTIMIZATION_LEVEL = 0;
				GCC_PREPROCESSOR_DEFINITIONS = (
					"DEBUG=1",
					"$(inherited)",
				);
				GCC_WARN_64_TO_32_BIT_CONVERSION = YES;
				GCC_WARN_ABOUT_RETURN_TYPE = YES_ERROR;
				GCC_WARN_UNDECLARED_SELECTOR = YES;
				GCC_WARN_UNINITIALIZED_AUTOS = YES_AGGRESSIVE;
				GCC_WARN_UNUSED_FUNCTION = YES;
				GCC_WARN_UNUSED_VARIABLE = YES;
				IPHONEOS_DEPLOYMENT_TARGET = 16.0;
				MACOSX_DEPLOYMENT_TARGET = 12.6;
				MTL_ENABLE_DEBUG_INFO = INCLUDE_SOURCE;
				MTL_FAST_MATH = YES;
				ONLY_ACTIVE_ARCH = YES;
				SDKROOT = macosx;
				SUPPORTED_PLATFORMS = "macosx iphonesimulator iphoneos";
				SWIFT_ACTIVE_COMPILATION_CONDITIONS = DEBUG;
				SWIFT_OPTIMIZATION_LEVEL = "-Onone";
				VERSIONING_SYSTEM = "apple-generic";
				VERSION_INFO_PREFIX = "";
			};
			name = Debug;
		};
		4B0B6908293A228E00F6BFCE /* Release */ = {
			isa = XCBuildConfiguration;
			buildSettings = {
				ALWAYS_SEARCH_USER_PATHS = NO;
				CLANG_ANALYZER_NONNULL = YES;
				CLANG_ANALYZER_NUMBER_OBJECT_CONVERSION = YES_AGGRESSIVE;
				CLANG_CXX_LANGUAGE_STANDARD = "gnu++20";
				CLANG_ENABLE_MODULES = YES;
				CLANG_ENABLE_OBJC_ARC = YES;
				CLANG_ENABLE_OBJC_WEAK = YES;
				CLANG_WARN_BLOCK_CAPTURE_AUTORELEASING = YES;
				CLANG_WARN_BOOL_CONVERSION = YES;
				CLANG_WARN_COMMA = YES;
				CLANG_WARN_CONSTANT_CONVERSION = YES;
				CLANG_WARN_DEPRECATED_OBJC_IMPLEMENTATIONS = YES;
				CLANG_WARN_DIRECT_OBJC_ISA_USAGE = YES_ERROR;
				CLANG_WARN_DOCUMENTATION_COMMENTS = YES;
				CLANG_WARN_EMPTY_BODY = YES;
				CLANG_WARN_ENUM_CONVERSION = YES;
				CLANG_WARN_INFINITE_RECURSION = YES;
				CLANG_WARN_INT_CONVERSION = YES;
				CLANG_WARN_NON_LITERAL_NULL_CONVERSION = YES;
				CLANG_WARN_OBJC_IMPLICIT_RETAIN_SELF = YES;
				CLANG_WARN_OBJC_LITERAL_CONVERSION = YES;
				CLANG_WARN_OBJC_ROOT_CLASS = YES_ERROR;
				CLANG_WARN_QUOTED_INCLUDE_IN_FRAMEWORK_HEADER = YES;
				CLANG_WARN_RANGE_LOOP_ANALYSIS = YES;
				CLANG_WARN_STRICT_PROTOTYPES = YES;
				CLANG_WARN_SUSPICIOUS_MOVE = YES;
				CLANG_WARN_UNGUARDED_AVAILABILITY = YES_AGGRESSIVE;
				CLANG_WARN_UNREACHABLE_CODE = YES;
				CLANG_WARN__DUPLICATE_METHOD_MATCH = YES;
				COPY_PHASE_STRIP = NO;
				CURRENT_PROJECT_VERSION = 1;
				DEBUG_INFORMATION_FORMAT = "dwarf-with-dsym";
				ENABLE_NS_ASSERTIONS = NO;
				ENABLE_STRICT_OBJC_MSGSEND = YES;
				GCC_C_LANGUAGE_STANDARD = gnu11;
				GCC_NO_COMMON_BLOCKS = YES;
				GCC_WARN_64_TO_32_BIT_CONVERSION = YES;
				GCC_WARN_ABOUT_RETURN_TYPE = YES_ERROR;
				GCC_WARN_UNDECLARED_SELECTOR = YES;
				GCC_WARN_UNINITIALIZED_AUTOS = YES_AGGRESSIVE;
				GCC_WARN_UNUSED_FUNCTION = YES;
				GCC_WARN_UNUSED_VARIABLE = YES;
				IPHONEOS_DEPLOYMENT_TARGET = 16.0;
				MACOSX_DEPLOYMENT_TARGET = 12.6;
				MTL_ENABLE_DEBUG_INFO = NO;
				MTL_FAST_MATH = YES;
				SDKROOT = macosx;
				SUPPORTED_PLATFORMS = "macosx iphonesimulator iphoneos";
				SWIFT_COMPILATION_MODE = wholemodule;
				SWIFT_OPTIMIZATION_LEVEL = "-O";
				VERSIONING_SYSTEM = "apple-generic";
				VERSION_INFO_PREFIX = "";
			};
			name = Release;
		};
		4B0B690A293A228E00F6BFCE /* Debug */ = {
			isa = XCBuildConfiguration;
			buildSettings = {
				CLANG_ENABLE_MODULES = YES;
				CODE_SIGN_STYLE = Automatic;
				COMBINE_HIDPI_IMAGES = YES;
				CURRENT_PROJECT_VERSION = 1;
				DEFINES_MODULE = YES;
				DEVELOPMENT_TEAM = 4733CLVUX5;
				DYLIB_COMPATIBILITY_VERSION = 1;
				DYLIB_CURRENT_VERSION = 1;
				DYLIB_INSTALL_NAME_BASE = "@rpath";
				GENERATE_INFOPLIST_FILE = YES;
				INFOPLIST_KEY_NSHumanReadableCopyright = "";
				INSTALL_PATH = "$(LOCAL_LIBRARY_DIR)/Frameworks";
				LD_RUNPATH_SEARCH_PATHS = (
					"$(inherited)",
					"@executable_path/../Frameworks",
					"@loader_path/Frameworks",
				);
				MARKETING_VERSION = 1.0;
				PRODUCT_BUNDLE_IDENTIFIER = com.marcellmagyar.CinemaTime;
				PRODUCT_NAME = "$(TARGET_NAME:c99extidentifier)";
				SKIP_INSTALL = YES;
				SWIFT_EMIT_LOC_STRINGS = YES;
				SWIFT_OPTIMIZATION_LEVEL = "-Onone";
				SWIFT_VERSION = 5.0;
			};
			name = Debug;
		};
		4B0B690B293A228E00F6BFCE /* Release */ = {
			isa = XCBuildConfiguration;
			buildSettings = {
				CLANG_ENABLE_MODULES = YES;
				CODE_SIGN_STYLE = Automatic;
				COMBINE_HIDPI_IMAGES = YES;
				CURRENT_PROJECT_VERSION = 1;
				DEFINES_MODULE = YES;
				DEVELOPMENT_TEAM = 4733CLVUX5;
				DYLIB_COMPATIBILITY_VERSION = 1;
				DYLIB_CURRENT_VERSION = 1;
				DYLIB_INSTALL_NAME_BASE = "@rpath";
				GENERATE_INFOPLIST_FILE = YES;
				INFOPLIST_KEY_NSHumanReadableCopyright = "";
				INSTALL_PATH = "$(LOCAL_LIBRARY_DIR)/Frameworks";
				LD_RUNPATH_SEARCH_PATHS = (
					"$(inherited)",
					"@executable_path/../Frameworks",
					"@loader_path/Frameworks",
				);
				MARKETING_VERSION = 1.0;
				PRODUCT_BUNDLE_IDENTIFIER = com.marcellmagyar.CinemaTime;
				PRODUCT_NAME = "$(TARGET_NAME:c99extidentifier)";
				SKIP_INSTALL = YES;
				SWIFT_EMIT_LOC_STRINGS = YES;
				SWIFT_VERSION = 5.0;
			};
			name = Release;
		};
		4B0B690D293A228E00F6BFCE /* Debug */ = {
			isa = XCBuildConfiguration;
			buildSettings = {
				ALWAYS_EMBED_SWIFT_STANDARD_LIBRARIES = YES;
				CLANG_ENABLE_MODULES = YES;
				CODE_SIGN_STYLE = Automatic;
				CURRENT_PROJECT_VERSION = 1;
				DEVELOPMENT_TEAM = 4733CLVUX5;
				GENERATE_INFOPLIST_FILE = YES;
				LD_RUNPATH_SEARCH_PATHS = (
					"$(inherited)",
					"@executable_path/Frameworks",
					"@loader_path/Frameworks",
				);
				MARKETING_VERSION = 1.0;
				PRODUCT_BUNDLE_IDENTIFIER = com.marcellmagyar.CinemaTimeTests;
				PRODUCT_NAME = "$(TARGET_NAME)";
				SWIFT_EMIT_LOC_STRINGS = NO;
				SWIFT_OPTIMIZATION_LEVEL = "-Onone";
				SWIFT_VERSION = 5.0;
			};
			name = Debug;
		};
		4B0B690E293A228E00F6BFCE /* Release */ = {
			isa = XCBuildConfiguration;
			buildSettings = {
				ALWAYS_EMBED_SWIFT_STANDARD_LIBRARIES = YES;
				CLANG_ENABLE_MODULES = YES;
				CODE_SIGN_STYLE = Automatic;
				CURRENT_PROJECT_VERSION = 1;
				DEVELOPMENT_TEAM = 4733CLVUX5;
				GENERATE_INFOPLIST_FILE = YES;
				LD_RUNPATH_SEARCH_PATHS = (
					"$(inherited)",
					"@executable_path/Frameworks",
					"@loader_path/Frameworks",
				);
				MARKETING_VERSION = 1.0;
				PRODUCT_BUNDLE_IDENTIFIER = com.marcellmagyar.CinemaTimeTests;
				PRODUCT_NAME = "$(TARGET_NAME)";
				SWIFT_EMIT_LOC_STRINGS = NO;
				SWIFT_VERSION = 5.0;
			};
			name = Release;
		};
		4B0B6935293E8DDC00F6BFCE /* Debug */ = {
			isa = XCBuildConfiguration;
			buildSettings = {
				CLANG_ENABLE_MODULES = YES;
				CODE_SIGN_STYLE = Automatic;
				CURRENT_PROJECT_VERSION = 1;
				DEVELOPMENT_TEAM = 4733CLVUX5;
				GENERATE_INFOPLIST_FILE = YES;
				LD_RUNPATH_SEARCH_PATHS = (
					"$(inherited)",
					"@executable_path/Frameworks",
					"@loader_path/Frameworks",
				);
				MARKETING_VERSION = 1.0;
				PRODUCT_BUNDLE_IDENTIFIER = com.marcellmagyar.CinemaTimeAPIEndToEndTests;
				PRODUCT_NAME = "$(TARGET_NAME)";
				SWIFT_EMIT_LOC_STRINGS = NO;
				SWIFT_OPTIMIZATION_LEVEL = "-Onone";
				SWIFT_VERSION = 5.0;
			};
			name = Debug;
		};
		4B0B6936293E8DDC00F6BFCE /* Release */ = {
			isa = XCBuildConfiguration;
			buildSettings = {
				CLANG_ENABLE_MODULES = YES;
				CODE_SIGN_STYLE = Automatic;
				CURRENT_PROJECT_VERSION = 1;
				DEVELOPMENT_TEAM = 4733CLVUX5;
				GENERATE_INFOPLIST_FILE = YES;
				LD_RUNPATH_SEARCH_PATHS = (
					"$(inherited)",
					"@executable_path/Frameworks",
					"@loader_path/Frameworks",
				);
				MARKETING_VERSION = 1.0;
				PRODUCT_BUNDLE_IDENTIFIER = com.marcellmagyar.CinemaTimeAPIEndToEndTests;
				PRODUCT_NAME = "$(TARGET_NAME)";
				SWIFT_EMIT_LOC_STRINGS = NO;
				SWIFT_VERSION = 5.0;
			};
			name = Release;
		};
		4B63095D2940BA7200C3FE91 /* Debug */ = {
			isa = XCBuildConfiguration;
			buildSettings = {
				CLANG_ENABLE_MODULES = YES;
				CODE_SIGN_STYLE = Automatic;
				CURRENT_PROJECT_VERSION = 1;
				DEFINES_MODULE = YES;
				DEVELOPMENT_TEAM = 4733CLVUX5;
				DYLIB_COMPATIBILITY_VERSION = 1;
				DYLIB_CURRENT_VERSION = 1;
				DYLIB_INSTALL_NAME_BASE = "@rpath";
				GENERATE_INFOPLIST_FILE = YES;
				INFOPLIST_KEY_NSHumanReadableCopyright = "";
				INSTALL_PATH = "$(LOCAL_LIBRARY_DIR)/Frameworks";
				IPHONEOS_DEPLOYMENT_TARGET = 16.0;
				LD_RUNPATH_SEARCH_PATHS = (
					"$(inherited)",
					"@executable_path/Frameworks",
					"@loader_path/Frameworks",
				);
				MARKETING_VERSION = 1.0;
				PRODUCT_BUNDLE_IDENTIFIER = com.marcellmagyar.CinemaTimeiOS;
				PRODUCT_NAME = "$(TARGET_NAME:c99extidentifier)";
				SDKROOT = iphoneos;
				SKIP_INSTALL = YES;
				SUPPORTED_PLATFORMS = "iphoneos iphonesimulator";
				SUPPORTS_MACCATALYST = NO;
				SUPPORTS_MAC_DESIGNED_FOR_IPHONE_IPAD = NO;
				SWIFT_EMIT_LOC_STRINGS = YES;
				SWIFT_OPTIMIZATION_LEVEL = "-Onone";
				SWIFT_VERSION = 5.0;
				TARGETED_DEVICE_FAMILY = 1;
			};
			name = Debug;
		};
		4B63095E2940BA7200C3FE91 /* Release */ = {
			isa = XCBuildConfiguration;
			buildSettings = {
				CLANG_ENABLE_MODULES = YES;
				CODE_SIGN_STYLE = Automatic;
				CURRENT_PROJECT_VERSION = 1;
				DEFINES_MODULE = YES;
				DEVELOPMENT_TEAM = 4733CLVUX5;
				DYLIB_COMPATIBILITY_VERSION = 1;
				DYLIB_CURRENT_VERSION = 1;
				DYLIB_INSTALL_NAME_BASE = "@rpath";
				GENERATE_INFOPLIST_FILE = YES;
				INFOPLIST_KEY_NSHumanReadableCopyright = "";
				INSTALL_PATH = "$(LOCAL_LIBRARY_DIR)/Frameworks";
				IPHONEOS_DEPLOYMENT_TARGET = 16.0;
				LD_RUNPATH_SEARCH_PATHS = (
					"$(inherited)",
					"@executable_path/Frameworks",
					"@loader_path/Frameworks",
				);
				MARKETING_VERSION = 1.0;
				PRODUCT_BUNDLE_IDENTIFIER = com.marcellmagyar.CinemaTimeiOS;
				PRODUCT_NAME = "$(TARGET_NAME:c99extidentifier)";
				SDKROOT = iphoneos;
				SKIP_INSTALL = YES;
				SUPPORTED_PLATFORMS = "iphoneos iphonesimulator";
				SUPPORTS_MACCATALYST = NO;
				SUPPORTS_MAC_DESIGNED_FOR_IPHONE_IPAD = NO;
				SWIFT_EMIT_LOC_STRINGS = YES;
				SWIFT_VERSION = 5.0;
				TARGETED_DEVICE_FAMILY = 1;
				VALIDATE_PRODUCT = YES;
			};
			name = Release;
		};
		4B63095F2940BA7200C3FE91 /* Debug */ = {
			isa = XCBuildConfiguration;
			buildSettings = {
				ALWAYS_EMBED_SWIFT_STANDARD_LIBRARIES = YES;
				CLANG_ENABLE_MODULES = YES;
				CODE_SIGN_STYLE = Automatic;
				CURRENT_PROJECT_VERSION = 1;
				DEVELOPMENT_TEAM = 4733CLVUX5;
				GENERATE_INFOPLIST_FILE = YES;
				IPHONEOS_DEPLOYMENT_TARGET = 16.0;
				LD_RUNPATH_SEARCH_PATHS = (
					"$(inherited)",
					"@executable_path/Frameworks",
					"@loader_path/Frameworks",
				);
				MARKETING_VERSION = 1.0;
				PRODUCT_BUNDLE_IDENTIFIER = com.marcellmagyar.CinemaTimeiOSTests;
				PRODUCT_NAME = "$(TARGET_NAME)";
				SDKROOT = iphoneos;
				SUPPORTED_PLATFORMS = "iphonesimulator iphoneos";
				SWIFT_EMIT_LOC_STRINGS = NO;
				SWIFT_OPTIMIZATION_LEVEL = "-Onone";
				SWIFT_VERSION = 5.0;
				TARGETED_DEVICE_FAMILY = "1,2";
			};
			name = Debug;
		};
		4B6309602940BA7200C3FE91 /* Release */ = {
			isa = XCBuildConfiguration;
			buildSettings = {
				ALWAYS_EMBED_SWIFT_STANDARD_LIBRARIES = YES;
				CLANG_ENABLE_MODULES = YES;
				CODE_SIGN_STYLE = Automatic;
				CURRENT_PROJECT_VERSION = 1;
				DEVELOPMENT_TEAM = 4733CLVUX5;
				GENERATE_INFOPLIST_FILE = YES;
				IPHONEOS_DEPLOYMENT_TARGET = 16.0;
				LD_RUNPATH_SEARCH_PATHS = (
					"$(inherited)",
					"@executable_path/Frameworks",
					"@loader_path/Frameworks",
				);
				MARKETING_VERSION = 1.0;
				PRODUCT_BUNDLE_IDENTIFIER = com.marcellmagyar.CinemaTimeiOSTests;
				PRODUCT_NAME = "$(TARGET_NAME)";
				SDKROOT = iphoneos;
				SUPPORTED_PLATFORMS = "iphonesimulator iphoneos";
				SWIFT_EMIT_LOC_STRINGS = NO;
				SWIFT_VERSION = 5.0;
				TARGETED_DEVICE_FAMILY = "1,2";
				VALIDATE_PRODUCT = YES;
			};
			name = Release;
		};
/* End XCBuildConfiguration section */

/* Begin XCConfigurationList section */
		4B0B68F1293A228D00F6BFCE /* Build configuration list for PBXProject "CinemaTime" */ = {
			isa = XCConfigurationList;
			buildConfigurations = (
				4B0B6907293A228E00F6BFCE /* Debug */,
				4B0B6908293A228E00F6BFCE /* Release */,
			);
			defaultConfigurationIsVisible = 0;
			defaultConfigurationName = Release;
		};
		4B0B6909293A228E00F6BFCE /* Build configuration list for PBXNativeTarget "CinemaTime" */ = {
			isa = XCConfigurationList;
			buildConfigurations = (
				4B0B690A293A228E00F6BFCE /* Debug */,
				4B0B690B293A228E00F6BFCE /* Release */,
			);
			defaultConfigurationIsVisible = 0;
			defaultConfigurationName = Release;
		};
		4B0B690C293A228E00F6BFCE /* Build configuration list for PBXNativeTarget "CinemaTimeTests" */ = {
			isa = XCConfigurationList;
			buildConfigurations = (
				4B0B690D293A228E00F6BFCE /* Debug */,
				4B0B690E293A228E00F6BFCE /* Release */,
			);
			defaultConfigurationIsVisible = 0;
			defaultConfigurationName = Release;
		};
		4B0B6934293E8DDC00F6BFCE /* Build configuration list for PBXNativeTarget "CinemaTimeAPIEndToEndTests" */ = {
			isa = XCConfigurationList;
			buildConfigurations = (
				4B0B6935293E8DDC00F6BFCE /* Debug */,
				4B0B6936293E8DDC00F6BFCE /* Release */,
			);
			defaultConfigurationIsVisible = 0;
			defaultConfigurationName = Release;
		};
		4B6309612940BA7200C3FE91 /* Build configuration list for PBXNativeTarget "CinemaTimeiOS" */ = {
			isa = XCConfigurationList;
			buildConfigurations = (
				4B63095D2940BA7200C3FE91 /* Debug */,
				4B63095E2940BA7200C3FE91 /* Release */,
			);
			defaultConfigurationIsVisible = 0;
			defaultConfigurationName = Release;
		};
		4B6309622940BA7200C3FE91 /* Build configuration list for PBXNativeTarget "CinemaTimeiOSTests" */ = {
			isa = XCConfigurationList;
			buildConfigurations = (
				4B63095F2940BA7200C3FE91 /* Debug */,
				4B6309602940BA7200C3FE91 /* Release */,
			);
			defaultConfigurationIsVisible = 0;
			defaultConfigurationName = Release;
		};
/* End XCConfigurationList section */
	};
	rootObject = 4B0B68EE293A228D00F6BFCE /* Project object */;
}
